// !$*UTF8*$!
{
	archiveVersion = 1;
	classes = {
	};
	objectVersion = 48;
	objects = {

/* Begin PBXBuildFile section */
		00EAC1532046F982009494A2 /* AppDelegate.swift in Sources */ = {isa = PBXBuildFile; fileRef = 00EAC1522046F982009494A2 /* AppDelegate.swift */; };
		00EAC1582046F982009494A2 /* Main.storyboard in Resources */ = {isa = PBXBuildFile; fileRef = 00EAC1562046F982009494A2 /* Main.storyboard */; };
		00EAC15A2046F982009494A2 /* Assets.xcassets in Resources */ = {isa = PBXBuildFile; fileRef = 00EAC1592046F982009494A2 /* Assets.xcassets */; };
		00EAC15D2046F982009494A2 /* LaunchScreen.storyboard in Resources */ = {isa = PBXBuildFile; fileRef = 00EAC15B2046F982009494A2 /* LaunchScreen.storyboard */; };
		00EAC1682046F982009494A2 /* CircleTests.swift in Sources */ = {isa = PBXBuildFile; fileRef = 00EAC1672046F982009494A2 /* CircleTests.swift */; };
		00EAC1732046F982009494A2 /* CircleUITests.swift in Sources */ = {isa = PBXBuildFile; fileRef = 00EAC1722046F982009494A2 /* CircleUITests.swift */; };
		3C4EB2F05FCDED0BED88FA24 /* Pods_CircleUITests.framework in Frameworks */ = {isa = PBXBuildFile; fileRef = DA515A5A5D8136330E9D74F7 /* Pods_CircleUITests.framework */; };
		4940039CC449E36B85A64342 /* Pods_Circle.framework in Frameworks */ = {isa = PBXBuildFile; fileRef = A07FFD559D466226820980A0 /* Pods_Circle.framework */; };
		73D11F5020471874009306EF /* LoginViewController.swift in Sources */ = {isa = PBXBuildFile; fileRef = 73D11F4F20471874009306EF /* LoginViewController.swift */; };
		73D11F5320484A2F009306EF /* APIRouter.swift in Sources */ = {isa = PBXBuildFile; fileRef = 73D11F5220484A2F009306EF /* APIRouter.swift */; };
		73D11F5520484B26009306EF /* NetworkConstants.swift in Sources */ = {isa = PBXBuildFile; fileRef = 73D11F5420484B26009306EF /* NetworkConstants.swift */; };
		73D11F58204866EE009306EF /* AuthService.swift in Sources */ = {isa = PBXBuildFile; fileRef = 73D11F57204866EE009306EF /* AuthService.swift */; };
		73D11F5A204868C8009306EF /* AuthServiceImpl.swift in Sources */ = {isa = PBXBuildFile; fileRef = 73D11F59204868C8009306EF /* AuthServiceImpl.swift */; };
		73D11F5C204886AA009306EF /* CompanyRouter.swift in Sources */ = {isa = PBXBuildFile; fileRef = 73D11F5B204886AA009306EF /* CompanyRouter.swift */; };
		73D11F5E2048A60D009306EF /* CompanyService.swift in Sources */ = {isa = PBXBuildFile; fileRef = 73D11F5D2048A60D009306EF /* CompanyService.swift */; };
		73D11F602048A6A4009306EF /* CompanyServiceImpl.swift in Sources */ = {isa = PBXBuildFile; fileRef = 73D11F5F2048A6A4009306EF /* CompanyServiceImpl.swift */; };
		D4DF09F12048364C00393DCC /* UserListViewController.swift in Sources */ = {isa = PBXBuildFile; fileRef = D4DF09F02048364C00393DCC /* UserListViewController.swift */; };
		EE4D581A2049BCFB0090B542 /* UserManagerImpl.swift in Sources */ = {isa = PBXBuildFile; fileRef = EE4D58182049BCFB0090B542 /* UserManagerImpl.swift */; };
		EE4D581B2049BCFB0090B542 /* UserManager.swift in Sources */ = {isa = PBXBuildFile; fileRef = EE4D58192049BCFB0090B542 /* UserManager.swift */; };
		F26C36E60F0728842E4F7519 /* Pods_CircleTests.framework in Frameworks */ = {isa = PBXBuildFile; fileRef = 36DAE101729C534B19323B6E /* Pods_CircleTests.framework */; };
/* End PBXBuildFile section */

/* Begin PBXContainerItemProxy section */
		00EAC1642046F982009494A2 /* PBXContainerItemProxy */ = {
			isa = PBXContainerItemProxy;
			containerPortal = 00EAC1472046F982009494A2 /* Project object */;
			proxyType = 1;
			remoteGlobalIDString = 00EAC14E2046F982009494A2;
			remoteInfo = Circle;
		};
		00EAC16F2046F982009494A2 /* PBXContainerItemProxy */ = {
			isa = PBXContainerItemProxy;
			containerPortal = 00EAC1472046F982009494A2 /* Project object */;
			proxyType = 1;
			remoteGlobalIDString = 00EAC14E2046F982009494A2;
			remoteInfo = Circle;
		};
/* End PBXContainerItemProxy section */

/* Begin PBXFileReference section */
		00EAC14F2046F982009494A2 /* Circle.app */ = {isa = PBXFileReference; explicitFileType = wrapper.application; includeInIndex = 0; path = Circle.app; sourceTree = BUILT_PRODUCTS_DIR; };
		00EAC1522046F982009494A2 /* AppDelegate.swift */ = {isa = PBXFileReference; lastKnownFileType = sourcecode.swift; path = AppDelegate.swift; sourceTree = "<group>"; };
		00EAC1572046F982009494A2 /* Base */ = {isa = PBXFileReference; lastKnownFileType = file.storyboard; name = Base; path = Base.lproj/Main.storyboard; sourceTree = "<group>"; };
		00EAC1592046F982009494A2 /* Assets.xcassets */ = {isa = PBXFileReference; lastKnownFileType = folder.assetcatalog; path = Assets.xcassets; sourceTree = "<group>"; };
		00EAC15C2046F982009494A2 /* Base */ = {isa = PBXFileReference; lastKnownFileType = file.storyboard; name = Base; path = Base.lproj/LaunchScreen.storyboard; sourceTree = "<group>"; };
		00EAC15E2046F982009494A2 /* Info.plist */ = {isa = PBXFileReference; lastKnownFileType = text.plist.xml; path = Info.plist; sourceTree = "<group>"; };
		00EAC1632046F982009494A2 /* CircleTests.xctest */ = {isa = PBXFileReference; explicitFileType = wrapper.cfbundle; includeInIndex = 0; path = CircleTests.xctest; sourceTree = BUILT_PRODUCTS_DIR; };
		00EAC1672046F982009494A2 /* CircleTests.swift */ = {isa = PBXFileReference; lastKnownFileType = sourcecode.swift; path = CircleTests.swift; sourceTree = "<group>"; };
		00EAC1692046F982009494A2 /* Info.plist */ = {isa = PBXFileReference; lastKnownFileType = text.plist.xml; path = Info.plist; sourceTree = "<group>"; };
		00EAC16E2046F982009494A2 /* CircleUITests.xctest */ = {isa = PBXFileReference; explicitFileType = wrapper.cfbundle; includeInIndex = 0; path = CircleUITests.xctest; sourceTree = BUILT_PRODUCTS_DIR; };
		00EAC1722046F982009494A2 /* CircleUITests.swift */ = {isa = PBXFileReference; lastKnownFileType = sourcecode.swift; path = CircleUITests.swift; sourceTree = "<group>"; };
		00EAC1742046F982009494A2 /* Info.plist */ = {isa = PBXFileReference; lastKnownFileType = text.plist.xml; path = Info.plist; sourceTree = "<group>"; };
		0926EF7F2391530B66FEDD22 /* Pods-CircleTests.debug.xcconfig */ = {isa = PBXFileReference; includeInIndex = 1; lastKnownFileType = text.xcconfig; name = "Pods-CircleTests.debug.xcconfig"; path = "Pods/Target Support Files/Pods-CircleTests/Pods-CircleTests.debug.xcconfig"; sourceTree = "<group>"; };
		1D630A61C4E34B9D63917812 /* Pods-Circle.debug.xcconfig */ = {isa = PBXFileReference; includeInIndex = 1; lastKnownFileType = text.xcconfig; name = "Pods-Circle.debug.xcconfig"; path = "Pods/Target Support Files/Pods-Circle/Pods-Circle.debug.xcconfig"; sourceTree = "<group>"; };
		36DAE101729C534B19323B6E /* Pods_CircleTests.framework */ = {isa = PBXFileReference; explicitFileType = wrapper.framework; includeInIndex = 0; path = Pods_CircleTests.framework; sourceTree = BUILT_PRODUCTS_DIR; };
		716F1A2217452C7BA280913C /* Pods-CircleUITests.release.xcconfig */ = {isa = PBXFileReference; includeInIndex = 1; lastKnownFileType = text.xcconfig; name = "Pods-CircleUITests.release.xcconfig"; path = "Pods/Target Support Files/Pods-CircleUITests/Pods-CircleUITests.release.xcconfig"; sourceTree = "<group>"; };
		73D11F4F20471874009306EF /* LoginViewController.swift */ = {isa = PBXFileReference; lastKnownFileType = sourcecode.swift; path = LoginViewController.swift; sourceTree = "<group>"; };
		73D11F5220484A2F009306EF /* APIRouter.swift */ = {isa = PBXFileReference; lastKnownFileType = sourcecode.swift; path = APIRouter.swift; sourceTree = "<group>"; };
		73D11F5420484B26009306EF /* NetworkConstants.swift */ = {isa = PBXFileReference; lastKnownFileType = sourcecode.swift; path = NetworkConstants.swift; sourceTree = "<group>"; };
		73D11F57204866EE009306EF /* AuthService.swift */ = {isa = PBXFileReference; lastKnownFileType = sourcecode.swift; path = AuthService.swift; sourceTree = "<group>"; };
		73D11F59204868C8009306EF /* AuthServiceImpl.swift */ = {isa = PBXFileReference; lastKnownFileType = sourcecode.swift; path = AuthServiceImpl.swift; sourceTree = "<group>"; };
		73D11F5B204886AA009306EF /* CompanyRouter.swift */ = {isa = PBXFileReference; lastKnownFileType = sourcecode.swift; path = CompanyRouter.swift; sourceTree = "<group>"; };
		73D11F5D2048A60D009306EF /* CompanyService.swift */ = {isa = PBXFileReference; lastKnownFileType = sourcecode.swift; path = CompanyService.swift; sourceTree = "<group>"; };
		73D11F5F2048A6A4009306EF /* CompanyServiceImpl.swift */ = {isa = PBXFileReference; lastKnownFileType = sourcecode.swift; path = CompanyServiceImpl.swift; sourceTree = "<group>"; };
		A07FFD559D466226820980A0 /* Pods_Circle.framework */ = {isa = PBXFileReference; explicitFileType = wrapper.framework; includeInIndex = 0; path = Pods_Circle.framework; sourceTree = BUILT_PRODUCTS_DIR; };
		C6E6F742058C86954313C2F0 /* Pods-Circle.release.xcconfig */ = {isa = PBXFileReference; includeInIndex = 1; lastKnownFileType = text.xcconfig; name = "Pods-Circle.release.xcconfig"; path = "Pods/Target Support Files/Pods-Circle/Pods-Circle.release.xcconfig"; sourceTree = "<group>"; };
		CB41F1FAC2E6D095D0825661 /* Pods-CircleTests.release.xcconfig */ = {isa = PBXFileReference; includeInIndex = 1; lastKnownFileType = text.xcconfig; name = "Pods-CircleTests.release.xcconfig"; path = "Pods/Target Support Files/Pods-CircleTests/Pods-CircleTests.release.xcconfig"; sourceTree = "<group>"; };
		D4DF09F02048364C00393DCC /* UserListViewController.swift */ = {isa = PBXFileReference; lastKnownFileType = sourcecode.swift; path = UserListViewController.swift; sourceTree = "<group>"; };
		DA515A5A5D8136330E9D74F7 /* Pods_CircleUITests.framework */ = {isa = PBXFileReference; explicitFileType = wrapper.framework; includeInIndex = 0; path = Pods_CircleUITests.framework; sourceTree = BUILT_PRODUCTS_DIR; };
		DD059C8953CE91C07C8B471D /* Pods-CircleUITests.debug.xcconfig */ = {isa = PBXFileReference; includeInIndex = 1; lastKnownFileType = text.xcconfig; name = "Pods-CircleUITests.debug.xcconfig"; path = "Pods/Target Support Files/Pods-CircleUITests/Pods-CircleUITests.debug.xcconfig"; sourceTree = "<group>"; };
		EE4D58182049BCFB0090B542 /* UserManagerImpl.swift */ = {isa = PBXFileReference; fileEncoding = 4; lastKnownFileType = sourcecode.swift; path = UserManagerImpl.swift; sourceTree = "<group>"; };
		EE4D58192049BCFB0090B542 /* UserManager.swift */ = {isa = PBXFileReference; fileEncoding = 4; lastKnownFileType = sourcecode.swift; path = UserManager.swift; sourceTree = "<group>"; };
/* End PBXFileReference section */

/* Begin PBXFrameworksBuildPhase section */
		00EAC14C2046F982009494A2 /* Frameworks */ = {
			isa = PBXFrameworksBuildPhase;
			buildActionMask = 2147483647;
			files = (
				4940039CC449E36B85A64342 /* Pods_Circle.framework in Frameworks */,
			);
			runOnlyForDeploymentPostprocessing = 0;
		};
		00EAC1602046F982009494A2 /* Frameworks */ = {
			isa = PBXFrameworksBuildPhase;
			buildActionMask = 2147483647;
			files = (
				F26C36E60F0728842E4F7519 /* Pods_CircleTests.framework in Frameworks */,
			);
			runOnlyForDeploymentPostprocessing = 0;
		};
		00EAC16B2046F982009494A2 /* Frameworks */ = {
			isa = PBXFrameworksBuildPhase;
			buildActionMask = 2147483647;
			files = (
				3C4EB2F05FCDED0BED88FA24 /* Pods_CircleUITests.framework in Frameworks */,
			);
			runOnlyForDeploymentPostprocessing = 0;
		};
/* End PBXFrameworksBuildPhase section */

/* Begin PBXGroup section */
		00EAC1462046F982009494A2 = {
			isa = PBXGroup;
			children = (
				00EAC1512046F982009494A2 /* Circle */,
				00EAC1662046F982009494A2 /* CircleTests */,
				00EAC1712046F982009494A2 /* CircleUITests */,
				00EAC1502046F982009494A2 /* Products */,
				C766767E7BF284DBA38B652E /* Pods */,
				A2466095AEC25754EF03840F /* Frameworks */,
			);
			sourceTree = "<group>";
		};
		00EAC1502046F982009494A2 /* Products */ = {
			isa = PBXGroup;
			children = (
				00EAC14F2046F982009494A2 /* Circle.app */,
				00EAC1632046F982009494A2 /* CircleTests.xctest */,
				00EAC16E2046F982009494A2 /* CircleUITests.xctest */,
			);
			name = Products;
			sourceTree = "<group>";
		};
		00EAC1512046F982009494A2 /* Circle */ = {
			isa = PBXGroup;
			children = (
				00EAC15E2046F982009494A2 /* Info.plist */,
				73D11F5120483ED4009306EF /* Model */,
				D4DF09F720483A3100393DCC /* Assets */,
				D4DF09F32048395100393DCC /* View */,
				D4DF09F42048395800393DCC /* Controller */,
			);
			path = Circle;
			sourceTree = "<group>";
		};
		00EAC1662046F982009494A2 /* CircleTests */ = {
			isa = PBXGroup;
			children = (
				00EAC1672046F982009494A2 /* CircleTests.swift */,
				00EAC1692046F982009494A2 /* Info.plist */,
			);
			path = CircleTests;
			sourceTree = "<group>";
		};
		00EAC1712046F982009494A2 /* CircleUITests */ = {
			isa = PBXGroup;
			children = (
				00EAC1722046F982009494A2 /* CircleUITests.swift */,
				00EAC1742046F982009494A2 /* Info.plist */,
			);
			path = CircleUITests;
			sourceTree = "<group>";
		};
		73D11F5120483ED4009306EF /* Model */ = {
			isa = PBXGroup;
			children = (
				EE4D58192049BCFB0090B542 /* UserManager.swift */,
				EE4D58182049BCFB0090B542 /* UserManagerImpl.swift */,
				73D11F562048666F009306EF /* Network */,
			);
			path = Model;
			sourceTree = "<group>";
		};
		73D11F562048666F009306EF /* Network */ = {
			isa = PBXGroup;
			children = (
				73D11F5420484B26009306EF /* NetworkConstants.swift */,
				73D11F5220484A2F009306EF /* APIRouter.swift */,
				73D11F57204866EE009306EF /* AuthService.swift */,
				73D11F59204868C8009306EF /* AuthServiceImpl.swift */,
				73D11F5B204886AA009306EF /* CompanyRouter.swift */,
				73D11F5D2048A60D009306EF /* CompanyService.swift */,
				73D11F5F2048A6A4009306EF /* CompanyServiceImpl.swift */,
			);
			path = Network;
			sourceTree = "<group>";
		};
		A2466095AEC25754EF03840F /* Frameworks */ = {
			isa = PBXGroup;
			children = (
				A07FFD559D466226820980A0 /* Pods_Circle.framework */,
				36DAE101729C534B19323B6E /* Pods_CircleTests.framework */,
				DA515A5A5D8136330E9D74F7 /* Pods_CircleUITests.framework */,
			);
			name = Frameworks;
			sourceTree = "<group>";
		};
		C766767E7BF284DBA38B652E /* Pods */ = {
			isa = PBXGroup;
			children = (
				1D630A61C4E34B9D63917812 /* Pods-Circle.debug.xcconfig */,
				C6E6F742058C86954313C2F0 /* Pods-Circle.release.xcconfig */,
				0926EF7F2391530B66FEDD22 /* Pods-CircleTests.debug.xcconfig */,
				CB41F1FAC2E6D095D0825661 /* Pods-CircleTests.release.xcconfig */,
				DD059C8953CE91C07C8B471D /* Pods-CircleUITests.debug.xcconfig */,
				716F1A2217452C7BA280913C /* Pods-CircleUITests.release.xcconfig */,
			);
			name = Pods;
			sourceTree = "<group>";
		};
		D4DF09F32048395100393DCC /* View */ = {
			isa = PBXGroup;
			children = (
				00EAC15B2046F982009494A2 /* LaunchScreen.storyboard */,
				00EAC1562046F982009494A2 /* Main.storyboard */,
			);
			path = View;
			sourceTree = "<group>";
		};
		D4DF09F42048395800393DCC /* Controller */ = {
			isa = PBXGroup;
			children = (
				00EAC1522046F982009494A2 /* AppDelegate.swift */,
				D4DF09F02048364C00393DCC /* UserListViewController.swift */,
				73D11F4F20471874009306EF /* LoginViewController.swift */,
			);
			path = Controller;
			sourceTree = "<group>";
		};
		D4DF09F720483A3100393DCC /* Assets */ = {
			isa = PBXGroup;
			children = (
				00EAC1592046F982009494A2 /* Assets.xcassets */,
			);
			path = Assets;
			sourceTree = "<group>";
		};
/* End PBXGroup section */

/* Begin PBXNativeTarget section */
		00EAC14E2046F982009494A2 /* Circle */ = {
			isa = PBXNativeTarget;
			buildConfigurationList = 00EAC1772046F982009494A2 /* Build configuration list for PBXNativeTarget "Circle" */;
			buildPhases = (
				EC0FF248286FB07BEE618112 /* [CP] Check Pods Manifest.lock */,
				00EAC14B2046F982009494A2 /* Sources */,
				00EAC14C2046F982009494A2 /* Frameworks */,
				00EAC14D2046F982009494A2 /* Resources */,
				7568D2206618BE2C47FDF6F8 /* [CP] Embed Pods Frameworks */,
				15FAD582FDBFFB1D6CB932AA /* [CP] Copy Pods Resources */,
			);
			buildRules = (
			);
			dependencies = (
			);
			name = Circle;
			productName = Circle;
			productReference = 00EAC14F2046F982009494A2 /* Circle.app */;
			productType = "com.apple.product-type.application";
		};
		00EAC1622046F982009494A2 /* CircleTests */ = {
			isa = PBXNativeTarget;
			buildConfigurationList = 00EAC17A2046F982009494A2 /* Build configuration list for PBXNativeTarget "CircleTests" */;
			buildPhases = (
				C158997071C5733B1439323C /* [CP] Check Pods Manifest.lock */,
				00EAC15F2046F982009494A2 /* Sources */,
				00EAC1602046F982009494A2 /* Frameworks */,
				00EAC1612046F982009494A2 /* Resources */,
				75C763CF701FE534EF072858 /* [CP] Embed Pods Frameworks */,
				B5F4262C801B64CBBCCD42DC /* [CP] Copy Pods Resources */,
			);
			buildRules = (
			);
			dependencies = (
				00EAC1652046F982009494A2 /* PBXTargetDependency */,
			);
			name = CircleTests;
			productName = CircleTests;
			productReference = 00EAC1632046F982009494A2 /* CircleTests.xctest */;
			productType = "com.apple.product-type.bundle.unit-test";
		};
		00EAC16D2046F982009494A2 /* CircleUITests */ = {
			isa = PBXNativeTarget;
			buildConfigurationList = 00EAC17D2046F982009494A2 /* Build configuration list for PBXNativeTarget "CircleUITests" */;
			buildPhases = (
				AADF9426BB364E4BF6C0D7B5 /* [CP] Check Pods Manifest.lock */,
				00EAC16A2046F982009494A2 /* Sources */,
				00EAC16B2046F982009494A2 /* Frameworks */,
				00EAC16C2046F982009494A2 /* Resources */,
				CC250004785A4D557FF0426A /* [CP] Embed Pods Frameworks */,
				B5A633D88C3869DE88402721 /* [CP] Copy Pods Resources */,
			);
			buildRules = (
			);
			dependencies = (
				00EAC1702046F982009494A2 /* PBXTargetDependency */,
			);
			name = CircleUITests;
			productName = CircleUITests;
			productReference = 00EAC16E2046F982009494A2 /* CircleUITests.xctest */;
			productType = "com.apple.product-type.bundle.ui-testing";
		};
/* End PBXNativeTarget section */

/* Begin PBXProject section */
		00EAC1472046F982009494A2 /* Project object */ = {
			isa = PBXProject;
			attributes = {
				LastSwiftUpdateCheck = 0920;
				LastUpgradeCheck = 0920;
				ORGANIZATIONNAME = "Gabriel Branco Frizzo";
				TargetAttributes = {
					00EAC14E2046F982009494A2 = {
						CreatedOnToolsVersion = 9.2;
						ProvisioningStyle = Automatic;
					};
					00EAC1622046F982009494A2 = {
						CreatedOnToolsVersion = 9.2;
						ProvisioningStyle = Automatic;
						TestTargetID = 00EAC14E2046F982009494A2;
					};
					00EAC16D2046F982009494A2 = {
						CreatedOnToolsVersion = 9.2;
						ProvisioningStyle = Automatic;
						TestTargetID = 00EAC14E2046F982009494A2;
					};
				};
			};
			buildConfigurationList = 00EAC14A2046F982009494A2 /* Build configuration list for PBXProject "Circle" */;
			compatibilityVersion = "Xcode 8.0";
			developmentRegion = en;
			hasScannedForEncodings = 0;
			knownRegions = (
				en,
				Base,
			);
			mainGroup = 00EAC1462046F982009494A2;
			productRefGroup = 00EAC1502046F982009494A2 /* Products */;
			projectDirPath = "";
			projectRoot = "";
			targets = (
				00EAC14E2046F982009494A2 /* Circle */,
				00EAC1622046F982009494A2 /* CircleTests */,
				00EAC16D2046F982009494A2 /* CircleUITests */,
			);
		};
/* End PBXProject section */

/* Begin PBXResourcesBuildPhase section */
		00EAC14D2046F982009494A2 /* Resources */ = {
			isa = PBXResourcesBuildPhase;
			buildActionMask = 2147483647;
			files = (
				00EAC15D2046F982009494A2 /* LaunchScreen.storyboard in Resources */,
				00EAC15A2046F982009494A2 /* Assets.xcassets in Resources */,
				00EAC1582046F982009494A2 /* Main.storyboard in Resources */,
			);
			runOnlyForDeploymentPostprocessing = 0;
		};
		00EAC1612046F982009494A2 /* Resources */ = {
			isa = PBXResourcesBuildPhase;
			buildActionMask = 2147483647;
			files = (
			);
			runOnlyForDeploymentPostprocessing = 0;
		};
		00EAC16C2046F982009494A2 /* Resources */ = {
			isa = PBXResourcesBuildPhase;
			buildActionMask = 2147483647;
			files = (
			);
			runOnlyForDeploymentPostprocessing = 0;
		};
/* End PBXResourcesBuildPhase section */

/* Begin PBXShellScriptBuildPhase section */
		15FAD582FDBFFB1D6CB932AA /* [CP] Copy Pods Resources */ = {
			isa = PBXShellScriptBuildPhase;
			buildActionMask = 2147483647;
			files = (
			);
			inputPaths = (
			);
			name = "[CP] Copy Pods Resources";
			outputPaths = (
			);
			runOnlyForDeploymentPostprocessing = 0;
			shellPath = /bin/sh;
			shellScript = "\"${SRCROOT}/Pods/Target Support Files/Pods-Circle/Pods-Circle-resources.sh\"\n";
			showEnvVarsInLog = 0;
		};
		7568D2206618BE2C47FDF6F8 /* [CP] Embed Pods Frameworks */ = {
			isa = PBXShellScriptBuildPhase;
			buildActionMask = 2147483647;
			files = (
			);
			inputPaths = (
				"${SRCROOT}/Pods/Target Support Files/Pods-Circle/Pods-Circle-frameworks.sh",
				"${BUILT_PRODUCTS_DIR}/Alamofire/Alamofire.framework",
				"${BUILT_PRODUCTS_DIR}/ModelMapper/Mapper.framework",
				"${BUILT_PRODUCTS_DIR}/Moya/Moya.framework",
				"${BUILT_PRODUCTS_DIR}/Moya-ModelMapper/Moya_ModelMapper.framework",
				"${BUILT_PRODUCTS_DIR}/Result/Result.framework",
				"${BUILT_PRODUCTS_DIR}/RxCocoa/RxCocoa.framework",
				"${BUILT_PRODUCTS_DIR}/RxSwift/RxSwift.framework",
			);
			name = "[CP] Embed Pods Frameworks";
			outputPaths = (
				"${TARGET_BUILD_DIR}/${FRAMEWORKS_FOLDER_PATH}/Alamofire.framework",
				"${TARGET_BUILD_DIR}/${FRAMEWORKS_FOLDER_PATH}/Mapper.framework",
				"${TARGET_BUILD_DIR}/${FRAMEWORKS_FOLDER_PATH}/Moya.framework",
				"${TARGET_BUILD_DIR}/${FRAMEWORKS_FOLDER_PATH}/Moya_ModelMapper.framework",
				"${TARGET_BUILD_DIR}/${FRAMEWORKS_FOLDER_PATH}/Result.framework",
				"${TARGET_BUILD_DIR}/${FRAMEWORKS_FOLDER_PATH}/RxCocoa.framework",
				"${TARGET_BUILD_DIR}/${FRAMEWORKS_FOLDER_PATH}/RxSwift.framework",
			);
			runOnlyForDeploymentPostprocessing = 0;
			shellPath = /bin/sh;
			shellScript = "\"${SRCROOT}/Pods/Target Support Files/Pods-Circle/Pods-Circle-frameworks.sh\"\n";
			showEnvVarsInLog = 0;
		};
		75C763CF701FE534EF072858 /* [CP] Embed Pods Frameworks */ = {
			isa = PBXShellScriptBuildPhase;
			buildActionMask = 2147483647;
			files = (
			);
			inputPaths = (
			);
			name = "[CP] Embed Pods Frameworks";
			outputPaths = (
			);
			runOnlyForDeploymentPostprocessing = 0;
			shellPath = /bin/sh;
			shellScript = "\"${SRCROOT}/Pods/Target Support Files/Pods-CircleTests/Pods-CircleTests-frameworks.sh\"\n";
			showEnvVarsInLog = 0;
		};
		AADF9426BB364E4BF6C0D7B5 /* [CP] Check Pods Manifest.lock */ = {
			isa = PBXShellScriptBuildPhase;
			buildActionMask = 2147483647;
			files = (
			);
			inputPaths = (
				"${PODS_PODFILE_DIR_PATH}/Podfile.lock",
				"${PODS_ROOT}/Manifest.lock",
			);
			name = "[CP] Check Pods Manifest.lock";
			outputPaths = (
				"$(DERIVED_FILE_DIR)/Pods-CircleUITests-checkManifestLockResult.txt",
			);
			runOnlyForDeploymentPostprocessing = 0;
			shellPath = /bin/sh;
			shellScript = "diff \"${PODS_PODFILE_DIR_PATH}/Podfile.lock\" \"${PODS_ROOT}/Manifest.lock\" > /dev/null\nif [ $? != 0 ] ; then\n    # print error to STDERR\n    echo \"error: The sandbox is not in sync with the Podfile.lock. Run 'pod install' or update your CocoaPods installation.\" >&2\n    exit 1\nfi\n# This output is used by Xcode 'outputs' to avoid re-running this script phase.\necho \"SUCCESS\" > \"${SCRIPT_OUTPUT_FILE_0}\"\n";
			showEnvVarsInLog = 0;
		};
		B5A633D88C3869DE88402721 /* [CP] Copy Pods Resources */ = {
			isa = PBXShellScriptBuildPhase;
			buildActionMask = 2147483647;
			files = (
			);
			inputPaths = (
			);
			name = "[CP] Copy Pods Resources";
			outputPaths = (
			);
			runOnlyForDeploymentPostprocessing = 0;
			shellPath = /bin/sh;
			shellScript = "\"${SRCROOT}/Pods/Target Support Files/Pods-CircleUITests/Pods-CircleUITests-resources.sh\"\n";
			showEnvVarsInLog = 0;
		};
		B5F4262C801B64CBBCCD42DC /* [CP] Copy Pods Resources */ = {
			isa = PBXShellScriptBuildPhase;
			buildActionMask = 2147483647;
			files = (
			);
			inputPaths = (
			);
			name = "[CP] Copy Pods Resources";
			outputPaths = (
			);
			runOnlyForDeploymentPostprocessing = 0;
			shellPath = /bin/sh;
			shellScript = "\"${SRCROOT}/Pods/Target Support Files/Pods-CircleTests/Pods-CircleTests-resources.sh\"\n";
			showEnvVarsInLog = 0;
		};
		C158997071C5733B1439323C /* [CP] Check Pods Manifest.lock */ = {
			isa = PBXShellScriptBuildPhase;
			buildActionMask = 2147483647;
			files = (
			);
			inputPaths = (
				"${PODS_PODFILE_DIR_PATH}/Podfile.lock",
				"${PODS_ROOT}/Manifest.lock",
			);
			name = "[CP] Check Pods Manifest.lock";
			outputPaths = (
				"$(DERIVED_FILE_DIR)/Pods-CircleTests-checkManifestLockResult.txt",
			);
			runOnlyForDeploymentPostprocessing = 0;
			shellPath = /bin/sh;
			shellScript = "diff \"${PODS_PODFILE_DIR_PATH}/Podfile.lock\" \"${PODS_ROOT}/Manifest.lock\" > /dev/null\nif [ $? != 0 ] ; then\n    # print error to STDERR\n    echo \"error: The sandbox is not in sync with the Podfile.lock. Run 'pod install' or update your CocoaPods installation.\" >&2\n    exit 1\nfi\n# This output is used by Xcode 'outputs' to avoid re-running this script phase.\necho \"SUCCESS\" > \"${SCRIPT_OUTPUT_FILE_0}\"\n";
			showEnvVarsInLog = 0;
		};
		CC250004785A4D557FF0426A /* [CP] Embed Pods Frameworks */ = {
			isa = PBXShellScriptBuildPhase;
			buildActionMask = 2147483647;
			files = (
			);
			inputPaths = (
			);
			name = "[CP] Embed Pods Frameworks";
			outputPaths = (
			);
			runOnlyForDeploymentPostprocessing = 0;
			shellPath = /bin/sh;
			shellScript = "\"${SRCROOT}/Pods/Target Support Files/Pods-CircleUITests/Pods-CircleUITests-frameworks.sh\"\n";
			showEnvVarsInLog = 0;
		};
		EC0FF248286FB07BEE618112 /* [CP] Check Pods Manifest.lock */ = {
			isa = PBXShellScriptBuildPhase;
			buildActionMask = 2147483647;
			files = (
			);
			inputPaths = (
				"${PODS_PODFILE_DIR_PATH}/Podfile.lock",
				"${PODS_ROOT}/Manifest.lock",
			);
			name = "[CP] Check Pods Manifest.lock";
			outputPaths = (
				"$(DERIVED_FILE_DIR)/Pods-Circle-checkManifestLockResult.txt",
			);
			runOnlyForDeploymentPostprocessing = 0;
			shellPath = /bin/sh;
			shellScript = "diff \"${PODS_PODFILE_DIR_PATH}/Podfile.lock\" \"${PODS_ROOT}/Manifest.lock\" > /dev/null\nif [ $? != 0 ] ; then\n    # print error to STDERR\n    echo \"error: The sandbox is not in sync with the Podfile.lock. Run 'pod install' or update your CocoaPods installation.\" >&2\n    exit 1\nfi\n# This output is used by Xcode 'outputs' to avoid re-running this script phase.\necho \"SUCCESS\" > \"${SCRIPT_OUTPUT_FILE_0}\"\n";
			showEnvVarsInLog = 0;
		};
/* End PBXShellScriptBuildPhase section */

/* Begin PBXSourcesBuildPhase section */
		00EAC14B2046F982009494A2 /* Sources */ = {
			isa = PBXSourcesBuildPhase;
			buildActionMask = 2147483647;
			files = (
				73D11F5020471874009306EF /* LoginViewController.swift in Sources */,
				73D11F5320484A2F009306EF /* APIRouter.swift in Sources */,
				EE4D581A2049BCFB0090B542 /* UserManagerImpl.swift in Sources */,
				73D11F5520484B26009306EF /* NetworkConstants.swift in Sources */,
				73D11F58204866EE009306EF /* AuthService.swift in Sources */,
				73D11F5E2048A60D009306EF /* CompanyService.swift in Sources */,
				EE4D581B2049BCFB0090B542 /* UserManager.swift in Sources */,
				00EAC1532046F982009494A2 /* AppDelegate.swift in Sources */,
				D4DF09F12048364C00393DCC /* UserListViewController.swift in Sources */,
				73D11F602048A6A4009306EF /* CompanyServiceImpl.swift in Sources */,
				73D11F5C204886AA009306EF /* CompanyRouter.swift in Sources */,
				73D11F5A204868C8009306EF /* AuthServiceImpl.swift in Sources */,
			);
			runOnlyForDeploymentPostprocessing = 0;
		};
		00EAC15F2046F982009494A2 /* Sources */ = {
			isa = PBXSourcesBuildPhase;
			buildActionMask = 2147483647;
			files = (
				00EAC1682046F982009494A2 /* CircleTests.swift in Sources */,
			);
			runOnlyForDeploymentPostprocessing = 0;
		};
		00EAC16A2046F982009494A2 /* Sources */ = {
			isa = PBXSourcesBuildPhase;
			buildActionMask = 2147483647;
			files = (
				00EAC1732046F982009494A2 /* CircleUITests.swift in Sources */,
			);
			runOnlyForDeploymentPostprocessing = 0;
		};
/* End PBXSourcesBuildPhase section */

/* Begin PBXTargetDependency section */
		00EAC1652046F982009494A2 /* PBXTargetDependency */ = {
			isa = PBXTargetDependency;
			target = 00EAC14E2046F982009494A2 /* Circle */;
			targetProxy = 00EAC1642046F982009494A2 /* PBXContainerItemProxy */;
		};
		00EAC1702046F982009494A2 /* PBXTargetDependency */ = {
			isa = PBXTargetDependency;
			target = 00EAC14E2046F982009494A2 /* Circle */;
			targetProxy = 00EAC16F2046F982009494A2 /* PBXContainerItemProxy */;
		};
/* End PBXTargetDependency section */

/* Begin PBXVariantGroup section */
		00EAC1562046F982009494A2 /* Main.storyboard */ = {
			isa = PBXVariantGroup;
			children = (
				00EAC1572046F982009494A2 /* Base */,
			);
			name = Main.storyboard;
			sourceTree = "<group>";
		};
		00EAC15B2046F982009494A2 /* LaunchScreen.storyboard */ = {
			isa = PBXVariantGroup;
			children = (
				00EAC15C2046F982009494A2 /* Base */,
			);
			name = LaunchScreen.storyboard;
			sourceTree = "<group>";
		};
/* End PBXVariantGroup section */

/* Begin XCBuildConfiguration section */
		00EAC1752046F982009494A2 /* Debug */ = {
			isa = XCBuildConfiguration;
			buildSettings = {
				ALWAYS_SEARCH_USER_PATHS = NO;
				CLANG_ANALYZER_NONNULL = YES;
				CLANG_ANALYZER_NUMBER_OBJECT_CONVERSION = YES_AGGRESSIVE;
				CLANG_CXX_LANGUAGE_STANDARD = "gnu++14";
				CLANG_CXX_LIBRARY = "libc++";
				CLANG_ENABLE_MODULES = YES;
				CLANG_ENABLE_OBJC_ARC = YES;
				CLANG_WARN_BLOCK_CAPTURE_AUTORELEASING = YES;
				CLANG_WARN_BOOL_CONVERSION = YES;
				CLANG_WARN_COMMA = YES;
				CLANG_WARN_CONSTANT_CONVERSION = YES;
				CLANG_WARN_DIRECT_OBJC_ISA_USAGE = YES_ERROR;
				CLANG_WARN_DOCUMENTATION_COMMENTS = YES;
				CLANG_WARN_EMPTY_BODY = YES;
				CLANG_WARN_ENUM_CONVERSION = YES;
				CLANG_WARN_INFINITE_RECURSION = YES;
				CLANG_WARN_INT_CONVERSION = YES;
				CLANG_WARN_NON_LITERAL_NULL_CONVERSION = YES;
				CLANG_WARN_OBJC_LITERAL_CONVERSION = YES;
				CLANG_WARN_OBJC_ROOT_CLASS = YES_ERROR;
				CLANG_WARN_RANGE_LOOP_ANALYSIS = YES;
				CLANG_WARN_STRICT_PROTOTYPES = YES;
				CLANG_WARN_SUSPICIOUS_MOVE = YES;
				CLANG_WARN_UNGUARDED_AVAILABILITY = YES_AGGRESSIVE;
				CLANG_WARN_UNREACHABLE_CODE = YES;
				CLANG_WARN__DUPLICATE_METHOD_MATCH = YES;
				CODE_SIGN_IDENTITY = "iPhone Developer";
				COPY_PHASE_STRIP = NO;
				DEBUG_INFORMATION_FORMAT = dwarf;
				ENABLE_STRICT_OBJC_MSGSEND = YES;
				ENABLE_TESTABILITY = YES;
				GCC_C_LANGUAGE_STANDARD = gnu11;
				GCC_DYNAMIC_NO_PIC = NO;
				GCC_NO_COMMON_BLOCKS = YES;
				GCC_OPTIMIZATION_LEVEL = 0;
				GCC_PREPROCESSOR_DEFINITIONS = (
					"DEBUG=1",
					"$(inherited)",
				);
				GCC_WARN_64_TO_32_BIT_CONVERSION = YES;
				GCC_WARN_ABOUT_RETURN_TYPE = YES_ERROR;
				GCC_WARN_UNDECLARED_SELECTOR = YES;
				GCC_WARN_UNINITIALIZED_AUTOS = YES_AGGRESSIVE;
				GCC_WARN_UNUSED_FUNCTION = YES;
				GCC_WARN_UNUSED_VARIABLE = YES;
				IPHONEOS_DEPLOYMENT_TARGET = 11.2;
				MTL_ENABLE_DEBUG_INFO = YES;
				ONLY_ACTIVE_ARCH = YES;
				SDKROOT = iphoneos;
				SWIFT_ACTIVE_COMPILATION_CONDITIONS = DEBUG;
				SWIFT_OPTIMIZATION_LEVEL = "-Onone";
			};
			name = Debug;
		};
		00EAC1762046F982009494A2 /* Release */ = {
			isa = XCBuildConfiguration;
			buildSettings = {
				ALWAYS_SEARCH_USER_PATHS = NO;
				CLANG_ANALYZER_NONNULL = YES;
				CLANG_ANALYZER_NUMBER_OBJECT_CONVERSION = YES_AGGRESSIVE;
				CLANG_CXX_LANGUAGE_STANDARD = "gnu++14";
				CLANG_CXX_LIBRARY = "libc++";
				CLANG_ENABLE_MODULES = YES;
				CLANG_ENABLE_OBJC_ARC = YES;
				CLANG_WARN_BLOCK_CAPTURE_AUTORELEASING = YES;
				CLANG_WARN_BOOL_CONVERSION = YES;
				CLANG_WARN_COMMA = YES;
				CLANG_WARN_CONSTANT_CONVERSION = YES;
				CLANG_WARN_DIRECT_OBJC_ISA_USAGE = YES_ERROR;
				CLANG_WARN_DOCUMENTATION_COMMENTS = YES;
				CLANG_WARN_EMPTY_BODY = YES;
				CLANG_WARN_ENUM_CONVERSION = YES;
				CLANG_WARN_INFINITE_RECURSION = YES;
				CLANG_WARN_INT_CONVERSION = YES;
				CLANG_WARN_NON_LITERAL_NULL_CONVERSION = YES;
				CLANG_WARN_OBJC_LITERAL_CONVERSION = YES;
				CLANG_WARN_OBJC_ROOT_CLASS = YES_ERROR;
				CLANG_WARN_RANGE_LOOP_ANALYSIS = YES;
				CLANG_WARN_STRICT_PROTOTYPES = YES;
				CLANG_WARN_SUSPICIOUS_MOVE = YES;
				CLANG_WARN_UNGUARDED_AVAILABILITY = YES_AGGRESSIVE;
				CLANG_WARN_UNREACHABLE_CODE = YES;
				CLANG_WARN__DUPLICATE_METHOD_MATCH = YES;
				CODE_SIGN_IDENTITY = "iPhone Developer";
				COPY_PHASE_STRIP = NO;
				DEBUG_INFORMATION_FORMAT = "dwarf-with-dsym";
				ENABLE_NS_ASSERTIONS = NO;
				ENABLE_STRICT_OBJC_MSGSEND = YES;
				GCC_C_LANGUAGE_STANDARD = gnu11;
				GCC_NO_COMMON_BLOCKS = YES;
				GCC_WARN_64_TO_32_BIT_CONVERSION = YES;
				GCC_WARN_ABOUT_RETURN_TYPE = YES_ERROR;
				GCC_WARN_UNDECLARED_SELECTOR = YES;
				GCC_WARN_UNINITIALIZED_AUTOS = YES_AGGRESSIVE;
				GCC_WARN_UNUSED_FUNCTION = YES;
				GCC_WARN_UNUSED_VARIABLE = YES;
				IPHONEOS_DEPLOYMENT_TARGET = 11.2;
				MTL_ENABLE_DEBUG_INFO = NO;
				SDKROOT = iphoneos;
				SWIFT_OPTIMIZATION_LEVEL = "-Owholemodule";
				VALIDATE_PRODUCT = YES;
			};
			name = Release;
		};
		00EAC1782046F982009494A2 /* Debug */ = {
			isa = XCBuildConfiguration;
			baseConfigurationReference = 1D630A61C4E34B9D63917812 /* Pods-Circle.debug.xcconfig */;
			buildSettings = {
				ASSETCATALOG_COMPILER_APPICON_NAME = AppIcon;
				CODE_SIGN_STYLE = Automatic;
				DEVELOPMENT_TEAM = CA952UST77;
				INFOPLIST_FILE = Circle/Info.plist;
				LD_RUNPATH_SEARCH_PATHS = "$(inherited) @executable_path/Frameworks";
				PRODUCT_BUNDLE_IDENTIFIER = Frizzo.com.Circle;
				PRODUCT_NAME = "$(TARGET_NAME)";
				SWIFT_VERSION = 4.0;
				TARGETED_DEVICE_FAMILY = "1,2";
			};
			name = Debug;
		};
		00EAC1792046F982009494A2 /* Release */ = {
			isa = XCBuildConfiguration;
			baseConfigurationReference = C6E6F742058C86954313C2F0 /* Pods-Circle.release.xcconfig */;
			buildSettings = {
				ASSETCATALOG_COMPILER_APPICON_NAME = AppIcon;
				CODE_SIGN_STYLE = Automatic;
				DEVELOPMENT_TEAM = CA952UST77;
				INFOPLIST_FILE = Circle/Info.plist;
				LD_RUNPATH_SEARCH_PATHS = "$(inherited) @executable_path/Frameworks";
				PRODUCT_BUNDLE_IDENTIFIER = Frizzo.com.Circle;
				PRODUCT_NAME = "$(TARGET_NAME)";
				SWIFT_VERSION = 4.0;
				TARGETED_DEVICE_FAMILY = "1,2";
			};
			name = Release;
		};
		00EAC17B2046F982009494A2 /* Debug */ = {
			isa = XCBuildConfiguration;
			baseConfigurationReference = 0926EF7F2391530B66FEDD22 /* Pods-CircleTests.debug.xcconfig */;
			buildSettings = {
				ALWAYS_EMBED_SWIFT_STANDARD_LIBRARIES = YES;
				BUNDLE_LOADER = "$(TEST_HOST)";
				CODE_SIGN_STYLE = Automatic;
				INFOPLIST_FILE = CircleTests/Info.plist;
				LD_RUNPATH_SEARCH_PATHS = "$(inherited) @executable_path/Frameworks @loader_path/Frameworks";
				PRODUCT_BUNDLE_IDENTIFIER = Frizzo.com.CircleTests;
				PRODUCT_NAME = "$(TARGET_NAME)";
				SWIFT_VERSION = 4.0;
				TARGETED_DEVICE_FAMILY = "1,2";
				TEST_HOST = "$(BUILT_PRODUCTS_DIR)/Circle.app/Circle";
			};
			name = Debug;
		};
		00EAC17C2046F982009494A2 /* Release */ = {
			isa = XCBuildConfiguration;
			baseConfigurationReference = CB41F1FAC2E6D095D0825661 /* Pods-CircleTests.release.xcconfig */;
			buildSettings = {
				ALWAYS_EMBED_SWIFT_STANDARD_LIBRARIES = YES;
				BUNDLE_LOADER = "$(TEST_HOST)";
				CODE_SIGN_STYLE = Automatic;
				INFOPLIST_FILE = CircleTests/Info.plist;
				LD_RUNPATH_SEARCH_PATHS = "$(inherited) @executable_path/Frameworks @loader_path/Frameworks";
				PRODUCT_BUNDLE_IDENTIFIER = Frizzo.com.CircleTests;
				PRODUCT_NAME = "$(TARGET_NAME)";
				SWIFT_VERSION = 4.0;
				TARGETED_DEVICE_FAMILY = "1,2";
				TEST_HOST = "$(BUILT_PRODUCTS_DIR)/Circle.app/Circle";
			};
			name = Release;
		};
		00EAC17E2046F982009494A2 /* Debug */ = {
			isa = XCBuildConfiguration;
			baseConfigurationReference = DD059C8953CE91C07C8B471D /* Pods-CircleUITests.debug.xcconfig */;
			buildSettings = {
				ALWAYS_EMBED_SWIFT_STANDARD_LIBRARIES = YES;
				CODE_SIGN_STYLE = Automatic;
				INFOPLIST_FILE = CircleUITests/Info.plist;
				LD_RUNPATH_SEARCH_PATHS = "$(inherited) @executable_path/Frameworks @loader_path/Frameworks";
				PRODUCT_BUNDLE_IDENTIFIER = Frizzo.com.CircleUITests;
				PRODUCT_NAME = "$(TARGET_NAME)";
				SWIFT_VERSION = 4.0;
				TARGETED_DEVICE_FAMILY = "1,2";
				TEST_TARGET_NAME = Circle;
			};
			name = Debug;
		};
		00EAC17F2046F982009494A2 /* Release */ = {
			isa = XCBuildConfiguration;
			baseConfigurationReference = 716F1A2217452C7BA280913C /* Pods-CircleUITests.release.xcconfig */;
			buildSettings = {
				ALWAYS_EMBED_SWIFT_STANDARD_LIBRARIES = YES;
				CODE_SIGN_STYLE = Automatic;
				INFOPLIST_FILE = CircleUITests/Info.plist;
				LD_RUNPATH_SEARCH_PATHS = "$(inherited) @executable_path/Frameworks @loader_path/Frameworks";
				PRODUCT_BUNDLE_IDENTIFIER = Frizzo.com.CircleUITests;
				PRODUCT_NAME = "$(TARGET_NAME)";
				SWIFT_VERSION = 4.0;
				TARGETED_DEVICE_FAMILY = "1,2";
				TEST_TARGET_NAME = Circle;
			};
			name = Release;
		};
/* End XCBuildConfiguration section */

/* Begin XCConfigurationList section */
		00EAC14A2046F982009494A2 /* Build configuration list for PBXProject "Circle" */ = {
			isa = XCConfigurationList;
			buildConfigurations = (
				00EAC1752046F982009494A2 /* Debug */,
				00EAC1762046F982009494A2 /* Release */,
			);
			defaultConfigurationIsVisible = 0;
			defaultConfigurationName = Release;
		};
		00EAC1772046F982009494A2 /* Build configuration list for PBXNativeTarget "Circle" */ = {
			isa = XCConfigurationList;
			buildConfigurations = (
				00EAC1782046F982009494A2 /* Debug */,
				00EAC1792046F982009494A2 /* Release */,
			);
			defaultConfigurationIsVisible = 0;
			defaultConfigurationName = Release;
		};
		00EAC17A2046F982009494A2 /* Build configuration list for PBXNativeTarget "CircleTests" */ = {
			isa = XCConfigurationList;
			buildConfigurations = (
				00EAC17B2046F982009494A2 /* Debug */,
				00EAC17C2046F982009494A2 /* Release */,
			);
			defaultConfigurationIsVisible = 0;
			defaultConfigurationName = Release;
		};
		00EAC17D2046F982009494A2 /* Build configuration list for PBXNativeTarget "CircleUITests" */ = {
			isa = XCConfigurationList;
			buildConfigurations = (
				00EAC17E2046F982009494A2 /* Debug */,
				00EAC17F2046F982009494A2 /* Release */,
			);
			defaultConfigurationIsVisible = 0;
			defaultConfigurationName = Release;
		};
/* End XCConfigurationList section */
	};
	rootObject = 00EAC1472046F982009494A2 /* Project object */;
}
